
Microsoft Visual Studio Solution File, Format Version 12.00
# Visual Studio 2013
VisualStudioVersion = 12.0.30723.0
MinimumVisualStudioVersion = 10.0.40219.1
Project("{FAE04EC0-301F-11D3-BF4B-00C04F79EFBC}") = "LazyIterators-Yield", "LazyIterators-Yield\LazyIterators-Yield.csproj", "{7EE7CCAE-9CE2-4491-9B27-399B651D69F2}"
EndProject
Project("{FAE04EC0-301F-11D3-BF4B-00C04F79EFBC}") = "FluentAPI-linq", "FluentAPI-linq\FluentAPI-linq.csproj", "{510A357C-D945-46E8-A6F7-8436796DFFE0}"
EndProject
Project("{FAE04EC0-301F-11D3-BF4B-00C04F79EFBC}") = "tpc-14", "tpc-14\tpc-14.csproj", "{07D56BB2-D029-4421-AA45-50E11E3C8081}"
EndProject
Project("{FAE04EC0-301F-11D3-BF4B-00C04F79EFBC}") = "Exemplo-Teste1415i", "Exemplo-Teste1415i\Exemplo-Teste1415i.csproj", "{1893995C-DBDC-454C-8973-CB8C13D0EBED}"
EndProject
Project("{FAE04EC0-301F-11D3-BF4B-00C04F79EFBC}") = "DelegatesAndReflection", "DelegatesAndReflection\DelegatesAndReflection.csproj", "{AA72E0B4-AF14-43B3-8926-A391AD893D8D}"
EndProject
Global
	GlobalSection(SolutionConfigurationPlatforms) = preSolution
		Debug|Any CPU = Debug|Any CPU
		Release|Any CPU = Release|Any CPU
	EndGlobalSection
	GlobalSection(ProjectConfigurationPlatforms) = postSolution
		{7EE7CCAE-9CE2-4491-9B27-399B651D69F2}.Debug|Any CPU.ActiveCfg = Debug|Any CPU
		{7EE7CCAE-9CE2-4491-9B27-399B651D69F2}.Debug|Any CPU.Build.0 = Debug|Any CPU
		{7EE7CCAE-9CE2-4491-9B27-399B651D69F2}.Release|Any CPU.ActiveCfg = Release|Any CPU
		{7EE7CCAE-9CE2-4491-9B27-399B651D69F2}.Release|Any CPU.Build.0 = Release|Any CPU
		{510A357C-D945-46E8-A6F7-8436796DFFE0}.Debug|Any CPU.ActiveCfg = Debug|Any CPU
		{510A357C-D945-46E8-A6F7-8436796DFFE0}.Debug|Any CPU.Build.0 = Debug|Any CPU
		{510A357C-D945-46E8-A6F7-8436796DFFE0}.Release|Any CPU.ActiveCfg = Release|Any CPU
		{510A357C-D945-46E8-A6F7-8436796DFFE0}.Release|Any CPU.Build.0 = Release|Any CPU
		{07D56BB2-D029-4421-AA45-50E11E3C8081}.Debug|Any CPU.ActiveCfg = Debug|Any CPU
		{07D56BB2-D029-4421-AA45-50E11E3C8081}.Debug|Any CPU.Build.0 = Debug|Any CPU
		{07D56BB2-D029-4421-AA45-50E11E3C8081}.Release|Any CPU.ActiveCfg = Release|Any CPU
		{07D56BB2-D029-4421-AA45-50E11E3C8081}.Release|Any CPU.Build.0 = Release|Any CPU
		{1893995C-DBDC-454C-8973-CB8C13D0EBED}.Debug|Any CPU.ActiveCfg = Debug|Any CPU
		{1893995C-DBDC-454C-8973-CB8C13D0EBED}.Debug|Any CPU.Build.0 = Debug|Any CPU
		{1893995C-DBDC-454C-8973-CB8C13D0EBED}.Release|Any CPU.ActiveCfg = Release|Any CPU
		{1893995C-DBDC-454C-8973-CB8C13D0EBED}.Release|Any CPU.Build.0 = Release|Any CPU
		{AA72E0B4-AF14-43B3-8926-A391AD893D8D}.Debug|Any CPU.ActiveCfg = Debug|Any CPU
		{AA72E0B4-AF14-43B3-8926-A391AD893D8D}.Debug|Any CPU.Build.0 = Debug|Any CPU
		{AA72E0B4-AF14-43B3-8926-A391AD893D8D}.Release|Any CPU.ActiveCfg = Release|Any CPU
		{AA72E0B4-AF14-43B3-8926-A391AD893D8D}.Release|Any CPU.Build.0 = Release|Any CPU
	EndGlobalSection
	GlobalSection(SolutionProperties) = preSolution
		HideSolutionNode = FALSE
	EndGlobalSection
EndGlobal
