
Microsoft Visual Studio Solution File, Format Version 12.00
# Visual Studio 2013
VisualStudioVersion = 12.0.30723.0
MinimumVisualStudioVersion = 10.0.40219.1
Project("{FAE04EC0-301F-11D3-BF4B-00C04F79EFBC}") = "tpc13", "tpc13\tpc13.csproj", "{DD479DB0-72BA-4859-A34E-02EB45003D09}"
EndProject
Project("{FAE04EC0-301F-11D3-BF4B-00C04F79EFBC}") = "AlgorithmsAndCollections", "AlgorithmsAndCollections\AlgorithmsAndCollections.csproj", "{4B37EA60-2D8F-47FC-B504-68DBEF68D2C7}"
EndProject
Global
	GlobalSection(SolutionConfigurationPlatforms) = preSolution
		Debug|Any CPU = Debug|Any CPU
		Release|Any CPU = Release|Any CPU
	EndGlobalSection
	GlobalSection(ProjectConfigurationPlatforms) = postSolution
		{DD479DB0-72BA-4859-A34E-02EB45003D09}.Debug|Any CPU.ActiveCfg = Debug|Any CPU
		{DD479DB0-72BA-4859-A34E-02EB45003D09}.Debug|Any CPU.Build.0 = Debug|Any CPU
		{DD479DB0-72BA-4859-A34E-02EB45003D09}.Release|Any CPU.ActiveCfg = Release|Any CPU
		{DD479DB0-72BA-4859-A34E-02EB45003D09}.Release|Any CPU.Build.0 = Release|Any CPU
		{4B37EA60-2D8F-47FC-B504-68DBEF68D2C7}.Debug|Any CPU.ActiveCfg = Debug|Any CPU
		{4B37EA60-2D8F-47FC-B504-68DBEF68D2C7}.Debug|Any CPU.Build.0 = Debug|Any CPU
		{4B37EA60-2D8F-47FC-B504-68DBEF68D2C7}.Release|Any CPU.ActiveCfg = Release|Any CPU
		{4B37EA60-2D8F-47FC-B504-68DBEF68D2C7}.Release|Any CPU.Build.0 = Release|Any CPU
	EndGlobalSection
	GlobalSection(SolutionProperties) = preSolution
		HideSolutionNode = FALSE
	EndGlobalSection
EndGlobal
